
Microsoft Visual Studio Solution File, Format Version 12.00
# Visual Studio Version 16
VisualStudioVersion = 16.0.30709.132
MinimumVisualStudioVersion = 10.0.40219.1
Project("{9A19103F-16F7-4668-BE54-9A1E7A4F7556}") = "CrossChain_Contract", "CrossChain_Contract\CrossChain_Contract.csproj", "{7CC54719-1024-4049-9E9C-8AC92959F967}"
EndProject
Project("{9A19103F-16F7-4668-BE54-9A1E7A4F7556}") = "CrossChainProxy_Contract", "CrossChainProxy_Contract\CrossChainProxy_Contract.csproj", "{C692F338-4713-4B1C-81FB-9D09A58F4103}"
EndProject
Project("{FAE04EC0-301F-11D3-BF4B-00C04F79EFBC}") = "pnUSDT", "pnUSDT\pnUSDT.csproj", "{9B38E510-1B8F-44F1-A63A-EF58CF29C345}"
EndProject
Global
	GlobalSection(SolutionConfigurationPlatforms) = preSolution
		Debug|Any CPU = Debug|Any CPU
		Release|Any CPU = Release|Any CPU
	EndGlobalSection
	GlobalSection(ProjectConfigurationPlatforms) = postSolution
		{7CC54719-1024-4049-9E9C-8AC92959F967}.Debug|Any CPU.ActiveCfg = Debug|Any CPU
		{7CC54719-1024-4049-9E9C-8AC92959F967}.Debug|Any CPU.Build.0 = Debug|Any CPU
		{7CC54719-1024-4049-9E9C-8AC92959F967}.Release|Any CPU.ActiveCfg = Release|Any CPU
		{7CC54719-1024-4049-9E9C-8AC92959F967}.Release|Any CPU.Build.0 = Release|Any CPU
		{C692F338-4713-4B1C-81FB-9D09A58F4103}.Debug|Any CPU.ActiveCfg = Debug|Any CPU
		{C692F338-4713-4B1C-81FB-9D09A58F4103}.Debug|Any CPU.Build.0 = Debug|Any CPU
		{C692F338-4713-4B1C-81FB-9D09A58F4103}.Release|Any CPU.ActiveCfg = Release|Any CPU
		{C692F338-4713-4B1C-81FB-9D09A58F4103}.Release|Any CPU.Build.0 = Release|Any CPU
		{9B38E510-1B8F-44F1-A63A-EF58CF29C345}.Debug|Any CPU.ActiveCfg = Debug|Any CPU
		{9B38E510-1B8F-44F1-A63A-EF58CF29C345}.Debug|Any CPU.Build.0 = Debug|Any CPU
		{9B38E510-1B8F-44F1-A63A-EF58CF29C345}.Release|Any CPU.ActiveCfg = Release|Any CPU
		{9B38E510-1B8F-44F1-A63A-EF58CF29C345}.Release|Any CPU.Build.0 = Release|Any CPU
	EndGlobalSection
	GlobalSection(SolutionProperties) = preSolution
		HideSolutionNode = FALSE
	EndGlobalSection
	GlobalSection(ExtensibilityGlobals) = postSolution
		SolutionGuid = {0A2E5033-11D4-446A-AB7B-E39CE474BD55}
	EndGlobalSection
EndGlobal
